
Microsoft Visual Studio Solution File, Format Version 12.00
# Visual Studio Version 16
VisualStudioVersion = 16.0.34301.259
MinimumVisualStudioVersion = 10.0.40219.1
Project("{8BC9CEB8-8B4A-11D0-8D11-00A0C91BC942}") = "test", "test.vcxproj", "{BC1304DA-CE02-4DAD-8F66-2E0A09944C6C}"
EndProject
Global
	GlobalSection(SolutionConfigurationPlatforms) = preSolution
		Debug|x64 = Debug|x64
		Debug|x86 = Debug|x86
		Release|x64 = Release|x64
		Release|x86 = Release|x86
	EndGlobalSection
	GlobalSection(ProjectConfigurationPlatforms) = postSolution
		{BC1304DA-CE02-4DAD-8F66-2E0A09944C6C}.Debug|x64.ActiveCfg = Debug|x64
		{BC1304DA-CE02-4DAD-8F66-2E0A09944C6C}.Debug|x64.Build.0 = Debug|x64
		{BC1304DA-CE02-4DAD-8F66-2E0A09944C6C}.Debug|x86.ActiveCfg = Debug|Win32
		{BC1304DA-CE02-4DAD-8F66-2E0A09944C6C}.Debug|x86.Build.0 = Debug|Win32
		{BC1304DA-CE02-4DAD-8F66-2E0A09944C6C}.Release|x64.ActiveCfg = Release|x64
		{BC1304DA-CE02-4DAD-8F66-2E0A09944C6C}.Release|x64.Build.0 = Release|x64
		{BC1304DA-CE02-4DAD-8F66-2E0A09944C6C}.Release|x86.ActiveCfg = Release|Win32
		{BC1304DA-CE02-4DAD-8F66-2E0A09944C6C}.Release|x86.Build.0 = Release|Win32
	EndGlobalSection
	GlobalSection(SolutionProperties) = preSolution
		HideSolutionNode = FALSE
	EndGlobalSection
	GlobalSection(ExtensibilityGlobals) = postSolution
		SolutionGuid = {2C11F625-24F9-438D-ADAE-017926AE40B4}
	EndGlobalSection
EndGlobal
